// !$*UTF8*$!
{
	archiveVersion = 1;
	classes = {
	};
	objectVersion = 56;
	objects = {

/* Begin PBXBuildFile section */
		9B52D39A2A024CF60095036F /* ExerciceEcranAPPApp.swift in Sources */ = {isa = PBXBuildFile; fileRef = 9B52D3992A024CF60095036F /* ExerciceEcranAPPApp.swift */; };
		9B52D39C2A024CF60095036F /* TabView.swift in Sources */ = {isa = PBXBuildFile; fileRef = 9B52D39B2A024CF60095036F /* TabView.swift */; };
		9B52D39E2A024CF80095036F /* Assets.xcassets in Resources */ = {isa = PBXBuildFile; fileRef = 9B52D39D2A024CF80095036F /* Assets.xcassets */; };
		9B52D3A12A024CF80095036F /* Preview Assets.xcassets in Resources */ = {isa = PBXBuildFile; fileRef = 9B52D3A02A024CF80095036F /* Preview Assets.xcassets */; };
		9B52D3A82A02525A0095036F /* AFP.swift in Sources */ = {isa = PBXBuildFile; fileRef = 9B52D3A72A02525A0095036F /* AFP.swift */; };
		9B52D3AC2A025FB80095036F /* ListDetailStaff.swift in Sources */ = {isa = PBXBuildFile; fileRef = 9B52D3AB2A025FB80095036F /* ListDetailStaff.swift */; };
		9B52D3AE2A0260A50095036F /* Staff.swift in Sources */ = {isa = PBXBuildFile; fileRef = 9B52D3AD2A0260A50095036F /* Staff.swift */; };
		9B52D3B02A0262990095036F /* StaffDetailView.swift in Sources */ = {isa = PBXBuildFile; fileRef = 9B52D3AF2A0262990095036F /* StaffDetailView.swift */; };
		9B52D3B22A0288110095036F /* Groupes.swift in Sources */ = {isa = PBXBuildFile; fileRef = 9B52D3B12A0288110095036F /* Groupes.swift */; };
		9B52D3B42A0288490095036F /* ListDetailGroup.swift in Sources */ = {isa = PBXBuildFile; fileRef = 9B52D3B32A0288490095036F /* ListDetailGroup.swift */; };
		9B52D3B82A028F8B0095036F /* GroupDetailView.swift in Sources */ = {isa = PBXBuildFile; fileRef = 9B52D3B72A028F8B0095036F /* GroupDetailView.swift */; };
		9B742B3D2A02FB4600E96EAA /* EcranNavigation.swift in Sources */ = {isa = PBXBuildFile; fileRef = 9B742B3C2A02FB4600E96EAA /* EcranNavigation.swift */; };
/* End PBXBuildFile section */

/* Begin PBXFileReference section */
		9B52D3962A024CF60095036F /* ExerciceEcranAPP.app */ = {isa = PBXFileReference; explicitFileType = wrapper.application; includeInIndex = 0; path = ExerciceEcranAPP.app; sourceTree = BUILT_PRODUCTS_DIR; };
		9B52D3992A024CF60095036F /* ExerciceEcranAPPApp.swift */ = {isa = PBXFileReference; lastKnownFileType = sourcecode.swift; path = ExerciceEcranAPPApp.swift; sourceTree = "<group>"; };
		9B52D39B2A024CF60095036F /* TabView.swift */ = {isa = PBXFileReference; lastKnownFileType = sourcecode.swift; path = TabView.swift; sourceTree = "<group>"; };
		9B52D39D2A024CF80095036F /* Assets.xcassets */ = {isa = PBXFileReference; lastKnownFileType = folder.assetcatalog; path = Assets.xcassets; sourceTree = "<group>"; };
		9B52D3A02A024CF80095036F /* Preview Assets.xcassets */ = {isa = PBXFileReference; lastKnownFileType = folder.assetcatalog; path = "Preview Assets.xcassets"; sourceTree = "<group>"; };
		9B52D3A72A02525A0095036F /* AFP.swift */ = {isa = PBXFileReference; lastKnownFileType = sourcecode.swift; path = AFP.swift; sourceTree = "<group>"; };
		9B52D3AB2A025FB80095036F /* ListDetailStaff.swift */ = {isa = PBXFileReference; lastKnownFileType = sourcecode.swift; path = ListDetailStaff.swift; sourceTree = "<group>"; };
		9B52D3AD2A0260A50095036F /* Staff.swift */ = {isa = PBXFileReference; lastKnownFileType = sourcecode.swift; path = Staff.swift; sourceTree = "<group>"; };
		9B52D3AF2A0262990095036F /* StaffDetailView.swift */ = {isa = PBXFileReference; lastKnownFileType = sourcecode.swift; path = StaffDetailView.swift; sourceTree = "<group>"; };
		9B52D3B12A0288110095036F /* Groupes.swift */ = {isa = PBXFileReference; lastKnownFileType = sourcecode.swift; path = Groupes.swift; sourceTree = "<group>"; };
		9B52D3B32A0288490095036F /* ListDetailGroup.swift */ = {isa = PBXFileReference; lastKnownFileType = sourcecode.swift; path = ListDetailGroup.swift; sourceTree = "<group>"; };
		9B52D3B72A028F8B0095036F /* GroupDetailView.swift */ = {isa = PBXFileReference; lastKnownFileType = sourcecode.swift; path = GroupDetailView.swift; sourceTree = "<group>"; };
		9B742B3C2A02FB4600E96EAA /* EcranNavigation.swift */ = {isa = PBXFileReference; lastKnownFileType = sourcecode.swift; path = EcranNavigation.swift; sourceTree = "<group>"; };
/* End PBXFileReference section */

/* Begin PBXFrameworksBuildPhase section */
		9B52D3932A024CF60095036F /* Frameworks */ = {
			isa = PBXFrameworksBuildPhase;
			buildActionMask = 2147483647;
			files = (
			);
			runOnlyForDeploymentPostprocessing = 0;
		};
/* End PBXFrameworksBuildPhase section */

/* Begin PBXGroup section */
		9B52D38D2A024CF60095036F = {
			isa = PBXGroup;
			children = (
				9B52D3982A024CF60095036F /* ExerciceEcranAPP */,
				9B52D3972A024CF60095036F /* Products */,
			);
			sourceTree = "<group>";
		};
		9B52D3972A024CF60095036F /* Products */ = {
			isa = PBXGroup;
			children = (
				9B52D3962A024CF60095036F /* ExerciceEcranAPP.app */,
			);
			name = Products;
			sourceTree = "<group>";
		};
		9B52D3982A024CF60095036F /* ExerciceEcranAPP */ = {
			isa = PBXGroup;
			children = (
				9B52D3992A024CF60095036F /* ExerciceEcranAPPApp.swift */,
				9B742B3C2A02FB4600E96EAA /* EcranNavigation.swift */,
				9B52D39B2A024CF60095036F /* TabView.swift */,
				9B52D3A72A02525A0095036F /* AFP.swift */,
				9B52D3AD2A0260A50095036F /* Staff.swift */,
				9B52D3AB2A025FB80095036F /* ListDetailStaff.swift */,
				9B52D3AF2A0262990095036F /* StaffDetailView.swift */,
				9B52D3B12A0288110095036F /* Groupes.swift */,
				9B52D3B32A0288490095036F /* ListDetailGroup.swift */,
				9B52D3B72A028F8B0095036F /* GroupDetailView.swift */,
				9B52D39D2A024CF80095036F /* Assets.xcassets */,
				9B52D39F2A024CF80095036F /* Preview Content */,
			);
			path = ExerciceEcranAPP;
			sourceTree = "<group>";
		};
		9B52D39F2A024CF80095036F /* Preview Content */ = {
			isa = PBXGroup;
			children = (
				9B52D3A02A024CF80095036F /* Preview Assets.xcassets */,
			);
			path = "Preview Content";
			sourceTree = "<group>";
		};
/* End PBXGroup section */

/* Begin PBXNativeTarget section */
		9B52D3952A024CF60095036F /* ExerciceEcranAPP */ = {
			isa = PBXNativeTarget;
			buildConfigurationList = 9B52D3A42A024CF80095036F /* Build configuration list for PBXNativeTarget "ExerciceEcranAPP" */;
			buildPhases = (
				9B52D3922A024CF60095036F /* Sources */,
				9B52D3932A024CF60095036F /* Frameworks */,
				9B52D3942A024CF60095036F /* Resources */,
			);
			buildRules = (
			);
			dependencies = (
			);
			name = ExerciceEcranAPP;
			productName = ExerciceEcranAPP;
			productReference = 9B52D3962A024CF60095036F /* ExerciceEcranAPP.app */;
			productType = "com.apple.product-type.application";
		};
/* End PBXNativeTarget section */

/* Begin PBXProject section */
		9B52D38E2A024CF60095036F /* Project object */ = {
			isa = PBXProject;
			attributes = {
				BuildIndependentTargetsInParallel = 1;
				LastSwiftUpdateCheck = 1430;
				LastUpgradeCheck = 1430;
				TargetAttributes = {
					9B52D3952A024CF60095036F = {
						CreatedOnToolsVersion = 14.3;
					};
				};
			};
			buildConfigurationList = 9B52D3912A024CF60095036F /* Build configuration list for PBXProject "ExerciceEcranAPP" */;
			compatibilityVersion = "Xcode 14.0";
			developmentRegion = en;
			hasScannedForEncodings = 0;
			knownRegions = (
				en,
				Base,
			);
			mainGroup = 9B52D38D2A024CF60095036F;
			productRefGroup = 9B52D3972A024CF60095036F /* Products */;
			projectDirPath = "";
			projectRoot = "";
			targets = (
				9B52D3952A024CF60095036F /* ExerciceEcranAPP */,
			);
		};
/* End PBXProject section */

/* Begin PBXResourcesBuildPhase section */
		9B52D3942A024CF60095036F /* Resources */ = {
			isa = PBXResourcesBuildPhase;
			buildActionMask = 2147483647;
			files = (
				9B52D3A12A024CF80095036F /* Preview Assets.xcassets in Resources */,
				9B52D39E2A024CF80095036F /* Assets.xcassets in Resources */,
			);
			runOnlyForDeploymentPostprocessing = 0;
		};
/* End PBXResourcesBuildPhase section */

/* Begin PBXSourcesBuildPhase section */
		9B52D3922A024CF60095036F /* Sources */ = {
			isa = PBXSourcesBuildPhase;
			buildActionMask = 2147483647;
			files = (
				9B52D3B02A0262990095036F /* StaffDetailView.swift in Sources */,
				9B52D3AE2A0260A50095036F /* Staff.swift in Sources */,
				9B52D39C2A024CF60095036F /* TabView.swift in Sources */,
				9B52D3A82A02525A0095036F /* AFP.swift in Sources */,
				9B52D3B42A0288490095036F /* ListDetailGroup.swift in Sources */,
				9B52D3B82A028F8B0095036F /* GroupDetailView.swift in Sources */,
				9B52D39A2A024CF60095036F /* ExerciceEcranAPPApp.swift in Sources */,
				9B52D3B22A0288110095036F /* Groupes.swift in Sources */,
				9B52D3AC2A025FB80095036F /* ListDetailStaff.swift in Sources */,
				9B742B3D2A02FB4600E96EAA /* EcranNavigation.swift in Sources */,
			);
			runOnlyForDeploymentPostprocessing = 0;
		};
/* End PBXSourcesBuildPhase section */

/* Begin XCBuildConfiguration section */
		9B52D3A22A024CF80095036F /* Debug */ = {
			isa = XCBuildConfiguration;
			buildSettings = {
				ALWAYS_SEARCH_USER_PATHS = NO;
				CLANG_ANALYZER_NONNULL = YES;
				CLANG_ANALYZER_NUMBER_OBJECT_CONVERSION = YES_AGGRESSIVE;
				CLANG_CXX_LANGUAGE_STANDARD = "gnu++20";
				CLANG_ENABLE_MODULES = YES;
				CLANG_ENABLE_OBJC_ARC = YES;
				CLANG_ENABLE_OBJC_WEAK = YES;
				CLANG_WARN_BLOCK_CAPTURE_AUTORELEASING = YES;
				CLANG_WARN_BOOL_CONVERSION = YES;
				CLANG_WARN_COMMA = YES;
				CLANG_WARN_CONSTANT_CONVERSION = YES;
				CLANG_WARN_DEPRECATED_OBJC_IMPLEMENTATIONS = YES;
				CLANG_WARN_DIRECT_OBJC_ISA_USAGE = YES_ERROR;
				CLANG_WARN_DOCUMENTATION_COMMENTS = YES;
				CLANG_WARN_EMPTY_BODY = YES;
				CLANG_WARN_ENUM_CONVERSION = YES;
				CLANG_WARN_INFINITE_RECURSION = YES;
				CLANG_WARN_INT_CONVERSION = YES;
				CLANG_WARN_NON_LITERAL_NULL_CONVERSION = YES;
				CLANG_WARN_OBJC_IMPLICIT_RETAIN_SELF = YES;
				CLANG_WARN_OBJC_LITERAL_CONVERSION = YES;
				CLANG_WARN_OBJC_ROOT_CLASS = YES_ERROR;
				CLANG_WARN_QUOTED_INCLUDE_IN_FRAMEWORK_HEADER = YES;
				CLANG_WARN_RANGE_LOOP_ANALYSIS = YES;
				CLANG_WARN_STRICT_PROTOTYPES = YES;
				CLANG_WARN_SUSPICIOUS_MOVE = YES;
				CLANG_WARN_UNGUARDED_AVAILABILITY = YES_AGGRESSIVE;
				CLANG_WARN_UNREACHABLE_CODE = YES;
				CLANG_WARN__DUPLICATE_METHOD_MATCH = YES;
				COPY_PHASE_STRIP = NO;
				DEBUG_INFORMATION_FORMAT = dwarf;
				ENABLE_STRICT_OBJC_MSGSEND = YES;
				ENABLE_TESTABILITY = YES;
				GCC_C_LANGUAGE_STANDARD = gnu11;
				GCC_DYNAMIC_NO_PIC = NO;
				GCC_NO_COMMON_BLOCKS = YES;
				GCC_OPTIMIZATION_LEVEL = 0;
				GCC_PREPROCESSOR_DEFINITIONS = (
					"DEBUG=1",
					"$(inherited)",
				);
				GCC_WARN_64_TO_32_BIT_CONVERSION = YES;
				GCC_WARN_ABOUT_RETURN_TYPE = YES_ERROR;
				GCC_WARN_UNDECLARED_SELECTOR = YES;
				GCC_WARN_UNINITIALIZED_AUTOS = YES_AGGRESSIVE;
				GCC_WARN_UNUSED_FUNCTION = YES;
				GCC_WARN_UNUSED_VARIABLE = YES;
				IPHONEOS_DEPLOYMENT_TARGET = 16.4;
				MTL_ENABLE_DEBUG_INFO = INCLUDE_SOURCE;
				MTL_FAST_MATH = YES;
				ONLY_ACTIVE_ARCH = YES;
				SDKROOT = iphoneos;
				SWIFT_ACTIVE_COMPILATION_CONDITIONS = DEBUG;
				SWIFT_OPTIMIZATION_LEVEL = "-Onone";
			};
			name = Debug;
		};
		9B52D3A32A024CF80095036F /* Release */ = {
			isa = XCBuildConfiguration;
			buildSettings = {
				ALWAYS_SEARCH_USER_PATHS = NO;
				CLANG_ANALYZER_NONNULL = YES;
				CLANG_ANALYZER_NUMBER_OBJECT_CONVERSION = YES_AGGRESSIVE;
				CLANG_CXX_LANGUAGE_STANDARD = "gnu++20";
				CLANG_ENABLE_MODULES = YES;
				CLANG_ENABLE_OBJC_ARC = YES;
				CLANG_ENABLE_OBJC_WEAK = YES;
				CLANG_WARN_BLOCK_CAPTURE_AUTORELEASING = YES;
				CLANG_WARN_BOOL_CONVERSION = YES;
				CLANG_WARN_COMMA = YES;
				CLANG_WARN_CONSTANT_CONVERSION = YES;
				CLANG_WARN_DEPRECATED_OBJC_IMPLEMENTATIONS = YES;
				CLANG_WARN_DIRECT_OBJC_ISA_USAGE = YES_ERROR;
				CLANG_WARN_DOCUMENTATION_COMMENTS = YES;
				CLANG_WARN_EMPTY_BODY = YES;
				CLANG_WARN_ENUM_CONVERSION = YES;
				CLANG_WARN_INFINITE_RECURSION = YES;
				CLANG_WARN_INT_CONVERSION = YES;
				CLANG_WARN_NON_LITERAL_NULL_CONVERSION = YES;
				CLANG_WARN_OBJC_IMPLICIT_RETAIN_SELF = YES;
				CLANG_WARN_OBJC_LITERAL_CONVERSION = YES;
				CLANG_WARN_OBJC_ROOT_CLASS = YES_ERROR;
				CLANG_WARN_QUOTED_INCLUDE_IN_FRAMEWORK_HEADER = YES;
				CLANG_WARN_RANGE_LOOP_ANALYSIS = YES;
				CLANG_WARN_STRICT_PROTOTYPES = YES;
				CLANG_WARN_SUSPICIOUS_MOVE = YES;
				CLANG_WARN_UNGUARDED_AVAILABILITY = YES_AGGRESSIVE;
				CLANG_WARN_UNREACHABLE_CODE = YES;
				CLANG_WARN__DUPLICATE_METHOD_MATCH = YES;
				COPY_PHASE_STRIP = NO;
				DEBUG_INFORMATION_FORMAT = "dwarf-with-dsym";
				ENABLE_NS_ASSERTIONS = NO;
				ENABLE_STRICT_OBJC_MSGSEND = YES;
				GCC_C_LANGUAGE_STANDARD = gnu11;
				GCC_NO_COMMON_BLOCKS = YES;
				GCC_WARN_64_TO_32_BIT_CONVERSION = YES;
				GCC_WARN_ABOUT_RETURN_TYPE = YES_ERROR;
				GCC_WARN_UNDECLARED_SELECTOR = YES;
				GCC_WARN_UNINITIALIZED_AUTOS = YES_AGGRESSIVE;
				GCC_WARN_UNUSED_FUNCTION = YES;
				GCC_WARN_UNUSED_VARIABLE = YES;
				IPHONEOS_DEPLOYMENT_TARGET = 16.4;
				MTL_ENABLE_DEBUG_INFO = NO;
				MTL_FAST_MATH = YES;
				SDKROOT = iphoneos;
				SWIFT_COMPILATION_MODE = wholemodule;
				SWIFT_OPTIMIZATION_LEVEL = "-O";
				VALIDATE_PRODUCT = YES;
			};
			name = Release;
		};
		9B52D3A52A024CF80095036F /* Debug */ = {
			isa = XCBuildConfiguration;
			buildSettings = {
				ASSETCATALOG_COMPILER_APPICON_NAME = AppIcon;
				ASSETCATALOG_COMPILER_GLOBAL_ACCENT_COLOR_NAME = AccentColor;
				CODE_SIGN_STYLE = Automatic;
				CURRENT_PROJECT_VERSION = 1;
				DEVELOPMENT_ASSET_PATHS = "\"ExerciceEcranAPP/Preview Content\"";
				DEVELOPMENT_TEAM = 657NL6T4LK;
				ENABLE_PREVIEWS = YES;
				GENERATE_INFOPLIST_FILE = YES;
				INFOPLIST_KEY_UIApplicationSceneManifest_Generation = YES;
				INFOPLIST_KEY_UIApplicationSupportsIndirectInputEvents = YES;
				INFOPLIST_KEY_UILaunchScreen_Generation = YES;
				INFOPLIST_KEY_UISupportedInterfaceOrientations_iPad = "UIInterfaceOrientationPortrait UIInterfaceOrientationPortraitUpsideDown UIInterfaceOrientationLandscapeLeft UIInterfaceOrientationLandscapeRight";
				INFOPLIST_KEY_UISupportedInterfaceOrientations_iPhone = "UIInterfaceOrientationPortrait UIInterfaceOrientationLandscapeLeft UIInterfaceOrientationLandscapeRight";
				LD_RUNPATH_SEARCH_PATHS = (
					"$(inherited)",
					"@executable_path/Frameworks",
				);
				MARKETING_VERSION = 1.0;
				PRODUCT_BUNDLE_IDENTIFIER = Alexia.ExerciceEcranAPP;
				PRODUCT_NAME = "$(TARGET_NAME)";
				SWIFT_EMIT_LOC_STRINGS = YES;
				SWIFT_VERSION = 5.0;
				TARGETED_DEVICE_FAMILY = "1,2";
			};
			name = Debug;
		};
		9B52D3A62A024CF80095036F /* Release */ = {
			isa = XCBuildConfiguration;
			buildSettings = {
				ASSETCATALOG_COMPILER_APPICON_NAME = AppIcon;
				ASSETCATALOG_COMPILER_GLOBAL_ACCENT_COLOR_NAME = AccentColor;
				CODE_SIGN_STYLE = Automatic;
				CURRENT_PROJECT_VERSION = 1;
				DEVELOPMENT_ASSET_PATHS = "\"ExerciceEcranAPP/Preview Content\"";
				DEVELOPMENT_TEAM = 657NL6T4LK;
				ENABLE_PREVIEWS = YES;
				GENERATE_INFOPLIST_FILE = YES;
				INFOPLIST_KEY_UIApplicationSceneManifest_Generation = YES;
				INFOPLIST_KEY_UIApplicationSupportsIndirectInputEvents = YES;
				INFOPLIST_KEY_UILaunchScreen_Generation = YES;
				INFOPLIST_KEY_UISupportedInterfaceOrientations_iPad = "UIInterfaceOrientationPortrait UIInterfaceOrientationPortraitUpsideDown UIInterfaceOrientationLandscapeLeft UIInterfaceOrientationLandscapeRight";
				INFOPLIST_KEY_UISupportedInterfaceOrientations_iPhone = "UIInterfaceOrientationPortrait UIInterfaceOrientationLandscapeLeft UIInterfaceOrientationLandscapeRight";
				LD_RUNPATH_SEARCH_PATHS = (
					"$(inherited)",
					"@executable_path/Frameworks",
				);
				MARKETING_VERSION = 1.0;
				PRODUCT_BUNDLE_IDENTIFIER = Alexia.ExerciceEcranAPP;
				PRODUCT_NAME = "$(TARGET_NAME)";
				SWIFT_EMIT_LOC_STRINGS = YES;
				SWIFT_VERSION = 5.0;
				TARGETED_DEVICE_FAMILY = "1,2";
			};
			name = Release;
		};
/* End XCBuildConfiguration section */

/* Begin XCConfigurationList section */
		9B52D3912A024CF60095036F /* Build configuration list for PBXProject "ExerciceEcranAPP" */ = {
			isa = XCConfigurationList;
			buildConfigurations = (
				9B52D3A22A024CF80095036F /* Debug */,
				9B52D3A32A024CF80095036F /* Release */,
			);
			defaultConfigurationIsVisible = 0;
			defaultConfigurationName = Release;
		};
		9B52D3A42A024CF80095036F /* Build configuration list for PBXNativeTarget "ExerciceEcranAPP" */ = {
			isa = XCConfigurationList;
			buildConfigurations = (
				9B52D3A52A024CF80095036F /* Debug */,
				9B52D3A62A024CF80095036F /* Release */,
			);
			defaultConfigurationIsVisible = 0;
			defaultConfigurationName = Release;
		};
/* End XCConfigurationList section */
	};
	rootObject = 9B52D38E2A024CF60095036F /* Project object */;
}
